
Microsoft Visual Studio Solution File, Format Version 12.00
# Visual Studio Version 16
VisualStudioVersion = 16.0.29519.87
MinimumVisualStudioVersion = 10.0.40219.1
Project("{2150E333-8FDC-42A3-9474-1A3956D46DE8}") = "Solution Items", "Solution Items", "{21C9601B-CCB9-4841-9569-791C8E79BE3B}"
	ProjectSection(SolutionItems) = preProject
		README.md = README.md
	EndProjectSection
EndProject
Project("{9A19103F-16F7-4668-BE54-9A1E7A4F7556}") = "SimpleCalc.SharedLib", "SimpleCalc\SimpleCalc.SharedLib\SimpleCalc.SharedLib.csproj", "{6A109C37-22C1-4CA0-9A53-FDFF50A61187}"
EndProject
Project("{2150E333-8FDC-42A3-9474-1A3956D46DE8}") = "SimpleCalc", "SimpleCalc", "{639105FB-52AD-400D-871C-25D6DE83F9BD}"
EndProject
Project("{9A19103F-16F7-4668-BE54-9A1E7A4F7556}") = "SimpleCalc.ServiceLib", "SimpleCalc\SimpleCalc.ServiceLib\SimpleCalc.ServiceLib.csproj", "{7414F725-009C-4F65-8EBA-54ADE9A3498E}"
EndProject
Project("{9A19103F-16F7-4668-BE54-9A1E7A4F7556}") = "SimpleCalc.ServiceHost", "SimpleCalc\SimpleCalc.ServiceHost\SimpleCalc.ServiceHost.csproj", "{A423CC8C-EA64-4D6F-B55B-9DC76CE6174E}"
EndProject
Project("{9A19103F-16F7-4668-BE54-9A1E7A4F7556}") = "SimpleCalc.Client", "SimpleCalc\SimpleCalc.Client\SimpleCalc.Client.csproj", "{91F463B6-5377-4FE0-A6EE-076DC8222C52}"
EndProject
Project("{2150E333-8FDC-42A3-9474-1A3956D46DE8}") = "AsyncEcho", "AsyncEcho", "{61BB454E-9E57-402E-A12F-FDA4F3E04411}"
EndProject
Project("{9A19103F-16F7-4668-BE54-9A1E7A4F7556}") = "AsyncEcho.SharedLib", "AsyncEcho\AsyncEcho.SharedLib\AsyncEcho.SharedLib.csproj", "{B006F005-6B5B-4136-B733-199633D103C1}"
EndProject
Project("{9A19103F-16F7-4668-BE54-9A1E7A4F7556}") = "AsyncEchoServiceLib", "AsyncEcho\AsyncEcho.ServiceLib\AsyncEchoServiceLib.csproj", "{ACCBBB24-F44C-4A4F-8687-7013A120FC2E}"
EndProject
Project("{9A19103F-16F7-4668-BE54-9A1E7A4F7556}") = "AsyncEcho.ServiceHost", "AsyncEcho\AsyncEcho.ServiceHost\AsyncEcho.ServiceHost.csproj", "{E5F83D44-5727-446D-9539-274C664B7437}"
EndProject
Project("{9A19103F-16F7-4668-BE54-9A1E7A4F7556}") = "AsyncEcho.Client", "AsyncEcho\AsyncEcho.Client\AsyncEcho.Client.csproj", "{E8BB1EC3-DEAA-48DB-8B5E-9B051EFC915F}"
EndProject
Project("{2150E333-8FDC-42A3-9474-1A3956D46DE8}") = "MinimalHello", "MinimalHello", "{D43CD7B6-1D32-4D22-ADD7-5AB64DB8E896}"
EndProject
Project("{9A19103F-16F7-4668-BE54-9A1E7A4F7556}") = "MinimalHello.Service", "MinimalHello\MinimalHello.Service\MinimalHello.Service.csproj", "{8A25D2AF-F233-46E2-86C0-4432A237ABB7}"
EndProject
Project("{9A19103F-16F7-4668-BE54-9A1E7A4F7556}") = "MinimalHello.Client", "MinimalHello\MinimalHello.Client\MinimalHello.Client.csproj", "{D464FDEA-3671-4600-B45D-03D611BD1A41}"
EndProject
Project("{2150E333-8FDC-42A3-9474-1A3956D46DE8}") = "MinimalGoogleGrpc", "MinimalGoogleGrpc", "{A02F8D04-28EA-48E8-9BB7-BF968E12751D}"
EndProject
Project("{FAE04EC0-301F-11D3-BF4B-00C04F79EFBC}") = "MinimalGoogleGrpc.Service", "MinimalGoogleGrpc\MinimalGoogleGrpc.Service\MinimalGoogleGrpc.Service.csproj", "{0C5D47BF-F625-4270-A34F-9DD3330E0AE2}"
EndProject
Project("{FAE04EC0-301F-11D3-BF4B-00C04F79EFBC}") = "MinimalGoogleGrpc.Client", "MinimalGoogleGrpc\MinimalGoogleGrpc.Client\MinimalGoogleGrpc.Client.csproj", "{FA65292C-47E2-46AC-931C-24E76B9662C2}"
EndProject
Global
	GlobalSection(SolutionConfigurationPlatforms) = preSolution
		Debug|Any CPU = Debug|Any CPU
		Release|Any CPU = Release|Any CPU
	EndGlobalSection
	GlobalSection(ProjectConfigurationPlatforms) = postSolution
		{6A109C37-22C1-4CA0-9A53-FDFF50A61187}.Debug|Any CPU.ActiveCfg = Debug|Any CPU
		{6A109C37-22C1-4CA0-9A53-FDFF50A61187}.Debug|Any CPU.Build.0 = Debug|Any CPU
		{6A109C37-22C1-4CA0-9A53-FDFF50A61187}.Release|Any CPU.ActiveCfg = Release|Any CPU
		{6A109C37-22C1-4CA0-9A53-FDFF50A61187}.Release|Any CPU.Build.0 = Release|Any CPU
		{7414F725-009C-4F65-8EBA-54ADE9A3498E}.Debug|Any CPU.ActiveCfg = Debug|Any CPU
		{7414F725-009C-4F65-8EBA-54ADE9A3498E}.Debug|Any CPU.Build.0 = Debug|Any CPU
		{7414F725-009C-4F65-8EBA-54ADE9A3498E}.Release|Any CPU.ActiveCfg = Release|Any CPU
		{7414F725-009C-4F65-8EBA-54ADE9A3498E}.Release|Any CPU.Build.0 = Release|Any CPU
		{A423CC8C-EA64-4D6F-B55B-9DC76CE6174E}.Debug|Any CPU.ActiveCfg = Debug|Any CPU
		{A423CC8C-EA64-4D6F-B55B-9DC76CE6174E}.Debug|Any CPU.Build.0 = Debug|Any CPU
		{A423CC8C-EA64-4D6F-B55B-9DC76CE6174E}.Release|Any CPU.ActiveCfg = Release|Any CPU
		{A423CC8C-EA64-4D6F-B55B-9DC76CE6174E}.Release|Any CPU.Build.0 = Release|Any CPU
		{91F463B6-5377-4FE0-A6EE-076DC8222C52}.Debug|Any CPU.ActiveCfg = Debug|Any CPU
		{91F463B6-5377-4FE0-A6EE-076DC8222C52}.Debug|Any CPU.Build.0 = Debug|Any CPU
		{91F463B6-5377-4FE0-A6EE-076DC8222C52}.Release|Any CPU.ActiveCfg = Release|Any CPU
		{91F463B6-5377-4FE0-A6EE-076DC8222C52}.Release|Any CPU.Build.0 = Release|Any CPU
		{B006F005-6B5B-4136-B733-199633D103C1}.Debug|Any CPU.ActiveCfg = Debug|Any CPU
		{B006F005-6B5B-4136-B733-199633D103C1}.Debug|Any CPU.Build.0 = Debug|Any CPU
		{B006F005-6B5B-4136-B733-199633D103C1}.Release|Any CPU.ActiveCfg = Release|Any CPU
		{B006F005-6B5B-4136-B733-199633D103C1}.Release|Any CPU.Build.0 = Release|Any CPU
		{ACCBBB24-F44C-4A4F-8687-7013A120FC2E}.Debug|Any CPU.ActiveCfg = Debug|Any CPU
		{ACCBBB24-F44C-4A4F-8687-7013A120FC2E}.Debug|Any CPU.Build.0 = Debug|Any CPU
		{ACCBBB24-F44C-4A4F-8687-7013A120FC2E}.Release|Any CPU.ActiveCfg = Release|Any CPU
		{ACCBBB24-F44C-4A4F-8687-7013A120FC2E}.Release|Any CPU.Build.0 = Release|Any CPU
		{E5F83D44-5727-446D-9539-274C664B7437}.Debug|Any CPU.ActiveCfg = Debug|Any CPU
		{E5F83D44-5727-446D-9539-274C664B7437}.Debug|Any CPU.Build.0 = Debug|Any CPU
		{E5F83D44-5727-446D-9539-274C664B7437}.Release|Any CPU.ActiveCfg = Release|Any CPU
		{E5F83D44-5727-446D-9539-274C664B7437}.Release|Any CPU.Build.0 = Release|Any CPU
		{E8BB1EC3-DEAA-48DB-8B5E-9B051EFC915F}.Debug|Any CPU.ActiveCfg = Debug|Any CPU
		{E8BB1EC3-DEAA-48DB-8B5E-9B051EFC915F}.Debug|Any CPU.Build.0 = Debug|Any CPU
		{E8BB1EC3-DEAA-48DB-8B5E-9B051EFC915F}.Release|Any CPU.ActiveCfg = Release|Any CPU
		{E8BB1EC3-DEAA-48DB-8B5E-9B051EFC915F}.Release|Any CPU.Build.0 = Release|Any CPU
		{8A25D2AF-F233-46E2-86C0-4432A237ABB7}.Debug|Any CPU.ActiveCfg = Debug|Any CPU
		{8A25D2AF-F233-46E2-86C0-4432A237ABB7}.Debug|Any CPU.Build.0 = Debug|Any CPU
		{8A25D2AF-F233-46E2-86C0-4432A237ABB7}.Release|Any CPU.ActiveCfg = Release|Any CPU
		{8A25D2AF-F233-46E2-86C0-4432A237ABB7}.Release|Any CPU.Build.0 = Release|Any CPU
		{D464FDEA-3671-4600-B45D-03D611BD1A41}.Debug|Any CPU.ActiveCfg = Debug|Any CPU
		{D464FDEA-3671-4600-B45D-03D611BD1A41}.Debug|Any CPU.Build.0 = Debug|Any CPU
		{D464FDEA-3671-4600-B45D-03D611BD1A41}.Release|Any CPU.ActiveCfg = Release|Any CPU
		{D464FDEA-3671-4600-B45D-03D611BD1A41}.Release|Any CPU.Build.0 = Release|Any CPU
		{0C5D47BF-F625-4270-A34F-9DD3330E0AE2}.Debug|Any CPU.ActiveCfg = Debug|Any CPU
		{0C5D47BF-F625-4270-A34F-9DD3330E0AE2}.Debug|Any CPU.Build.0 = Debug|Any CPU
		{0C5D47BF-F625-4270-A34F-9DD3330E0AE2}.Release|Any CPU.ActiveCfg = Release|Any CPU
		{0C5D47BF-F625-4270-A34F-9DD3330E0AE2}.Release|Any CPU.Build.0 = Release|Any CPU
		{FA65292C-47E2-46AC-931C-24E76B9662C2}.Debug|Any CPU.ActiveCfg = Debug|Any CPU
		{FA65292C-47E2-46AC-931C-24E76B9662C2}.Debug|Any CPU.Build.0 = Debug|Any CPU
		{FA65292C-47E2-46AC-931C-24E76B9662C2}.Release|Any CPU.ActiveCfg = Release|Any CPU
		{FA65292C-47E2-46AC-931C-24E76B9662C2}.Release|Any CPU.Build.0 = Release|Any CPU
	EndGlobalSection
	GlobalSection(SolutionProperties) = preSolution
		HideSolutionNode = FALSE
	EndGlobalSection
	GlobalSection(NestedProjects) = preSolution
		{6A109C37-22C1-4CA0-9A53-FDFF50A61187} = {639105FB-52AD-400D-871C-25D6DE83F9BD}
		{7414F725-009C-4F65-8EBA-54ADE9A3498E} = {639105FB-52AD-400D-871C-25D6DE83F9BD}
		{A423CC8C-EA64-4D6F-B55B-9DC76CE6174E} = {639105FB-52AD-400D-871C-25D6DE83F9BD}
		{91F463B6-5377-4FE0-A6EE-076DC8222C52} = {639105FB-52AD-400D-871C-25D6DE83F9BD}
		{B006F005-6B5B-4136-B733-199633D103C1} = {61BB454E-9E57-402E-A12F-FDA4F3E04411}
		{ACCBBB24-F44C-4A4F-8687-7013A120FC2E} = {61BB454E-9E57-402E-A12F-FDA4F3E04411}
		{E5F83D44-5727-446D-9539-274C664B7437} = {61BB454E-9E57-402E-A12F-FDA4F3E04411}
		{E8BB1EC3-DEAA-48DB-8B5E-9B051EFC915F} = {61BB454E-9E57-402E-A12F-FDA4F3E04411}
		{8A25D2AF-F233-46E2-86C0-4432A237ABB7} = {D43CD7B6-1D32-4D22-ADD7-5AB64DB8E896}
		{D464FDEA-3671-4600-B45D-03D611BD1A41} = {D43CD7B6-1D32-4D22-ADD7-5AB64DB8E896}
		{0C5D47BF-F625-4270-A34F-9DD3330E0AE2} = {A02F8D04-28EA-48E8-9BB7-BF968E12751D}
		{FA65292C-47E2-46AC-931C-24E76B9662C2} = {A02F8D04-28EA-48E8-9BB7-BF968E12751D}
	EndGlobalSection
	GlobalSection(ExtensibilityGlobals) = postSolution
		SolutionGuid = {8EE90E9C-02DF-45AE-9790-EF4743EACC52}
	EndGlobalSection
EndGlobal
