
Microsoft Visual Studio Solution File, Format Version 12.00
# Visual Studio Version 16
VisualStudioVersion = 16.0.29519.87
MinimumVisualStudioVersion = 10.0.40219.1
Project("{2150E333-8FDC-42A3-9474-1A3956D46DE8}") = "Solution Items", "Solution Items", "{21C9601B-CCB9-4841-9569-791C8E79BE3B}"
	ProjectSection(SolutionItems) = preProject
		README.md = README.md
	EndProjectSection
EndProject
Project("{9A19103F-16F7-4668-BE54-9A1E7A4F7556}") = "SimpleCalc.SharedLib", "SimpleCalc\SimpleCalc.SharedLib\SimpleCalc.SharedLib.csproj", "{6A109C37-22C1-4CA0-9A53-FDFF50A61187}"
EndProject
Project("{2150E333-8FDC-42A3-9474-1A3956D46DE8}") = "SimpleCalc", "SimpleCalc", "{639105FB-52AD-400D-871C-25D6DE83F9BD}"
EndProject
Project("{9A19103F-16F7-4668-BE54-9A1E7A4F7556}") = "SimpleCalc.ServiceLib", "SimpleCalc\SimpleCalc.ServiceLib\SimpleCalc.ServiceLib.csproj", "{7414F725-009C-4F65-8EBA-54ADE9A3498E}"
EndProject
Project("{9A19103F-16F7-4668-BE54-9A1E7A4F7556}") = "SimpleCalc.ServiceHost", "SimpleCalc\SimpleCalc.ServiceHost\SimpleCalc.ServiceHost.csproj", "{A423CC8C-EA64-4D6F-B55B-9DC76CE6174E}"
EndProject
Project("{9A19103F-16F7-4668-BE54-9A1E7A4F7556}") = "SimpleCalc.Client", "SimpleCalc\SimpleCalc.Client\SimpleCalc.Client.csproj", "{91F463B6-5377-4FE0-A6EE-076DC8222C52}"
EndProject
Project("{2150E333-8FDC-42A3-9474-1A3956D46DE8}") = "AsyncEcho", "AsyncEcho", "{61BB454E-9E57-402E-A12F-FDA4F3E04411}"
EndProject
Project("{9A19103F-16F7-4668-BE54-9A1E7A4F7556}") = "AsyncEcho.SharedLib", "AsyncEcho\AsyncEcho.SharedLib\AsyncEcho.SharedLib.csproj", "{B006F005-6B5B-4136-B733-199633D103C1}"
EndProject
Project("{9A19103F-16F7-4668-BE54-9A1E7A4F7556}") = "AsyncEcho.ServiceLib", "AsyncEcho\AsyncEcho.ServiceLib\AsyncEcho.ServiceLib.csproj", "{ACCBBB24-F44C-4A4F-8687-7013A120FC2E}"
EndProject
Project("{9A19103F-16F7-4668-BE54-9A1E7A4F7556}") = "AsyncEcho.ServiceHost", "AsyncEcho\AsyncEcho.ServiceHost\AsyncEcho.ServiceHost.csproj", "{E5F83D44-5727-446D-9539-274C664B7437}"
EndProject
Project("{9A19103F-16F7-4668-BE54-9A1E7A4F7556}") = "AsyncEcho.Client", "AsyncEcho\AsyncEcho.Client\AsyncEcho.Client.csproj", "{E8BB1EC3-DEAA-48DB-8B5E-9B051EFC915F}"
EndProject
Project("{2150E333-8FDC-42A3-9474-1A3956D46DE8}") = "MinimalHello", "MinimalHello", "{D43CD7B6-1D32-4D22-ADD7-5AB64DB8E896}"
EndProject
Project("{9A19103F-16F7-4668-BE54-9A1E7A4F7556}") = "MinimalHello.Service", "MinimalHello\MinimalHello.Service\MinimalHello.Service.csproj", "{8A25D2AF-F233-46E2-86C0-4432A237ABB7}"
EndProject
Project("{9A19103F-16F7-4668-BE54-9A1E7A4F7556}") = "MinimalHello.Client", "MinimalHello\MinimalHello.Client\MinimalHello.Client.csproj", "{D464FDEA-3671-4600-B45D-03D611BD1A41}"
EndProject
Project("{2150E333-8FDC-42A3-9474-1A3956D46DE8}") = "MinimalGoogleGrpc", "MinimalGoogleGrpc", "{A02F8D04-28EA-48E8-9BB7-BF968E12751D}"
EndProject
Project("{9A19103F-16F7-4668-BE54-9A1E7A4F7556}") = "MinimalGoogleGrpc.Service", "MinimalGoogleGrpc\MinimalGoogleGrpc.Service\MinimalGoogleGrpc.Service.csproj", "{0C5D47BF-F625-4270-A34F-9DD3330E0AE2}"
EndProject
Project("{9A19103F-16F7-4668-BE54-9A1E7A4F7556}") = "MinimalGoogleGrpc.Client", "MinimalGoogleGrpc\MinimalGoogleGrpc.Client\MinimalGoogleGrpc.Client.csproj", "{FA65292C-47E2-46AC-931C-24E76B9662C2}"
EndProject
Project("{2150E333-8FDC-42A3-9474-1A3956D46DE8}") = "LifeTime", "LifeTime", "{D7A3CD19-66FD-4CCB-B0FD-FB76DC10B3E9}"
EndProject
Project("{9A19103F-16F7-4668-BE54-9A1E7A4F7556}") = "LifeTime.SharedLib", "LifeTime\LifeTime.SharedLib\LifeTime.SharedLib.csproj", "{3B6794D1-EAE3-41FD-878E-DE7A5BBD82D4}"
EndProject
Project("{9A19103F-16F7-4668-BE54-9A1E7A4F7556}") = "LifeTime.ServiceLib", "LifeTime\LifeTime.ServiceLib\LifeTime.ServiceLib.csproj", "{6744CC0E-E79B-44A1-969E-4C7D1EAE1F85}"
EndProject
Project("{9A19103F-16F7-4668-BE54-9A1E7A4F7556}") = "LifeTime.ServiceHostPerCall", "LifeTime\LifeTime.ServiceHostPerCall\LifeTime.ServiceHostPerCall.csproj", "{E37BA68A-6CDD-4DB4-8E1A-C9660C3F6CD2}"
EndProject
Project("{9A19103F-16F7-4668-BE54-9A1E7A4F7556}") = "LifeTime.Client", "LifeTime\LifeTime.Client\LifeTime.Client.csproj", "{74F8BDBD-AD8E-44A8-9DF8-CC5B44D83B12}"
EndProject
Project("{9A19103F-16F7-4668-BE54-9A1E7A4F7556}") = "LifeTime.ServiceHostSingleton", "LifeTime\LifeTime.ServiceHostSingleton\LifeTime.ServiceHostSingleton.csproj", "{68D60B48-1421-42CC-B0F2-A44F5671E04F}"
EndProject
Project("{9A19103F-16F7-4668-BE54-9A1E7A4F7556}") = "LifeTime.ServiceHostGoogleGrpc", "LifeTime\LifeTime.ServiceHostGoogleGrpc\LifeTime.ServiceHostGoogleGrpc.csproj", "{25867E94-D6DC-4F05-8E66-FDAA4EE64E41}"
EndProject
Project("{2150E333-8FDC-42A3-9474-1A3956D46DE8}") = "ServerReflection", "ServerReflection", "{C0540901-49F9-4609-B716-AE0CE0F1317F}"
	ProjectSection(SolutionItems) = preProject
		ServerReflection\call-service.ps1 = ServerReflection\call-service.ps1
	EndProjectSection
EndProject
Project("{9A19103F-16F7-4668-BE54-9A1E7A4F7556}") = "ServerReflection.Service", "ServerReflection\ServerReflection.Service\ServerReflection.Service.csproj", "{BC189C93-C2B1-44F8-9996-43A143AD2EE2}"
EndProject
Project("{2150E333-8FDC-42A3-9474-1A3956D46DE8}") = "Metadata", "Metadata", "{4B2EE752-E660-4905-8871-64619975C9F0}"
EndProject
Project("{9A19103F-16F7-4668-BE54-9A1E7A4F7556}") = "Metadata.Service", "Metadata\Metadata.Service\Metadata.Service.csproj", "{E283B84B-F7D9-489C-8029-BBA7EF731F9F}"
EndProject
Project("{9A19103F-16F7-4668-BE54-9A1E7A4F7556}") = "Metadata.Client", "Metadata\Metadata.Client\Metadata.Client.csproj", "{A046F503-F326-42AF-9F31-11A5833C4739}"
EndProject
Project("{2150E333-8FDC-42A3-9474-1A3956D46DE8}") = "Deadline", "Deadline", "{7E829D39-68B1-4299-9858-E031C0815218}"
EndProject
Project("{9A19103F-16F7-4668-BE54-9A1E7A4F7556}") = "Deadline.Service", "Deadline\Deadline.Service\Deadline.Service.csproj", "{0EB8EE6F-F02B-4605-AF50-3367ADBA2C82}"
EndProject
Project("{9A19103F-16F7-4668-BE54-9A1E7A4F7556}") = "Deadline.Client", "Deadline\Deadline.Client\Deadline.Client.csproj", "{BAF19CC3-B2BD-45D9-BBEB-B84CEA81F463}"
EndProject
Project("{2150E333-8FDC-42A3-9474-1A3956D46DE8}") = "AsyncChat", "AsyncChat", "{008C1BA7-0BE7-47C1-91B0-364BB2D19A43}"
EndProject
Project("{9A19103F-16F7-4668-BE54-9A1E7A4F7556}") = "AsyncChat.SharedLib", "AsyncChat\AsyncChat.SharedLib\AsyncChat.SharedLib.csproj", "{09DF8221-08BC-4414-AFDC-63A4F865C9EB}"
EndProject
Project("{9A19103F-16F7-4668-BE54-9A1E7A4F7556}") = "AsyncChat.ServiceLib", "AsyncChat\AsyncChat.ServiceLib\AsyncChat.ServiceLib.csproj", "{7516F3C8-E493-4628-BD6F-0E3675F22FB7}"
EndProject
Project("{9A19103F-16F7-4668-BE54-9A1E7A4F7556}") = "AsyncChat.ServiceHost", "AsyncChat\AsyncChat.ServiceHost\AsyncChat.ServiceHost.csproj", "{D7295028-F3B5-42A0-A90F-B824494D5194}"
EndProject
Project("{9A19103F-16F7-4668-BE54-9A1E7A4F7556}") = "AsyncChat.Client", "AsyncChat\AsyncChat.Client\AsyncChat.Client.csproj", "{D96FF152-881A-41E4-9B69-286FA04166D6}"
EndProject
Project("{2150E333-8FDC-42A3-9474-1A3956D46DE8}") = "GrpcWeb", "GrpcWeb", "{11085E99-D5E4-42A6-91DC-7456B7857A11}"
EndProject
Project("{FAE04EC0-301F-11D3-BF4B-00C04F79EFBC}") = "GrpcWeb.Service", "GrpcWeb\GrpcWeb.Service\GrpcWeb.Service.csproj", "{DE5FBF39-C94E-4610-82E2-7CD756DE9599}"
EndProject
Project("{FAE04EC0-301F-11D3-BF4B-00C04F79EFBC}") = "GrpcWeb.Client", "GrpcWeb\GrpcWeb.Client\GrpcWeb.Client.csproj", "{1F58636F-B551-4947-B7D8-1EA47727A32A}"
EndProject
Global
	GlobalSection(SolutionConfigurationPlatforms) = preSolution
		Debug|Any CPU = Debug|Any CPU
		Release|Any CPU = Release|Any CPU
	EndGlobalSection
	GlobalSection(ProjectConfigurationPlatforms) = postSolution
		{6A109C37-22C1-4CA0-9A53-FDFF50A61187}.Debug|Any CPU.ActiveCfg = Debug|Any CPU
		{6A109C37-22C1-4CA0-9A53-FDFF50A61187}.Debug|Any CPU.Build.0 = Debug|Any CPU
		{6A109C37-22C1-4CA0-9A53-FDFF50A61187}.Release|Any CPU.ActiveCfg = Release|Any CPU
		{6A109C37-22C1-4CA0-9A53-FDFF50A61187}.Release|Any CPU.Build.0 = Release|Any CPU
		{7414F725-009C-4F65-8EBA-54ADE9A3498E}.Debug|Any CPU.ActiveCfg = Debug|Any CPU
		{7414F725-009C-4F65-8EBA-54ADE9A3498E}.Debug|Any CPU.Build.0 = Debug|Any CPU
		{7414F725-009C-4F65-8EBA-54ADE9A3498E}.Release|Any CPU.ActiveCfg = Release|Any CPU
		{7414F725-009C-4F65-8EBA-54ADE9A3498E}.Release|Any CPU.Build.0 = Release|Any CPU
		{A423CC8C-EA64-4D6F-B55B-9DC76CE6174E}.Debug|Any CPU.ActiveCfg = Debug|Any CPU
		{A423CC8C-EA64-4D6F-B55B-9DC76CE6174E}.Debug|Any CPU.Build.0 = Debug|Any CPU
		{A423CC8C-EA64-4D6F-B55B-9DC76CE6174E}.Release|Any CPU.ActiveCfg = Release|Any CPU
		{A423CC8C-EA64-4D6F-B55B-9DC76CE6174E}.Release|Any CPU.Build.0 = Release|Any CPU
		{91F463B6-5377-4FE0-A6EE-076DC8222C52}.Debug|Any CPU.ActiveCfg = Debug|Any CPU
		{91F463B6-5377-4FE0-A6EE-076DC8222C52}.Debug|Any CPU.Build.0 = Debug|Any CPU
		{91F463B6-5377-4FE0-A6EE-076DC8222C52}.Release|Any CPU.ActiveCfg = Release|Any CPU
		{91F463B6-5377-4FE0-A6EE-076DC8222C52}.Release|Any CPU.Build.0 = Release|Any CPU
		{B006F005-6B5B-4136-B733-199633D103C1}.Debug|Any CPU.ActiveCfg = Debug|Any CPU
		{B006F005-6B5B-4136-B733-199633D103C1}.Debug|Any CPU.Build.0 = Debug|Any CPU
		{B006F005-6B5B-4136-B733-199633D103C1}.Release|Any CPU.ActiveCfg = Release|Any CPU
		{B006F005-6B5B-4136-B733-199633D103C1}.Release|Any CPU.Build.0 = Release|Any CPU
		{ACCBBB24-F44C-4A4F-8687-7013A120FC2E}.Debug|Any CPU.ActiveCfg = Debug|Any CPU
		{ACCBBB24-F44C-4A4F-8687-7013A120FC2E}.Debug|Any CPU.Build.0 = Debug|Any CPU
		{ACCBBB24-F44C-4A4F-8687-7013A120FC2E}.Release|Any CPU.ActiveCfg = Release|Any CPU
		{ACCBBB24-F44C-4A4F-8687-7013A120FC2E}.Release|Any CPU.Build.0 = Release|Any CPU
		{E5F83D44-5727-446D-9539-274C664B7437}.Debug|Any CPU.ActiveCfg = Debug|Any CPU
		{E5F83D44-5727-446D-9539-274C664B7437}.Debug|Any CPU.Build.0 = Debug|Any CPU
		{E5F83D44-5727-446D-9539-274C664B7437}.Release|Any CPU.ActiveCfg = Release|Any CPU
		{E5F83D44-5727-446D-9539-274C664B7437}.Release|Any CPU.Build.0 = Release|Any CPU
		{E8BB1EC3-DEAA-48DB-8B5E-9B051EFC915F}.Debug|Any CPU.ActiveCfg = Debug|Any CPU
		{E8BB1EC3-DEAA-48DB-8B5E-9B051EFC915F}.Debug|Any CPU.Build.0 = Debug|Any CPU
		{E8BB1EC3-DEAA-48DB-8B5E-9B051EFC915F}.Release|Any CPU.ActiveCfg = Release|Any CPU
		{E8BB1EC3-DEAA-48DB-8B5E-9B051EFC915F}.Release|Any CPU.Build.0 = Release|Any CPU
		{8A25D2AF-F233-46E2-86C0-4432A237ABB7}.Debug|Any CPU.ActiveCfg = Debug|Any CPU
		{8A25D2AF-F233-46E2-86C0-4432A237ABB7}.Debug|Any CPU.Build.0 = Debug|Any CPU
		{8A25D2AF-F233-46E2-86C0-4432A237ABB7}.Release|Any CPU.ActiveCfg = Release|Any CPU
		{8A25D2AF-F233-46E2-86C0-4432A237ABB7}.Release|Any CPU.Build.0 = Release|Any CPU
		{D464FDEA-3671-4600-B45D-03D611BD1A41}.Debug|Any CPU.ActiveCfg = Debug|Any CPU
		{D464FDEA-3671-4600-B45D-03D611BD1A41}.Debug|Any CPU.Build.0 = Debug|Any CPU
		{D464FDEA-3671-4600-B45D-03D611BD1A41}.Release|Any CPU.ActiveCfg = Release|Any CPU
		{D464FDEA-3671-4600-B45D-03D611BD1A41}.Release|Any CPU.Build.0 = Release|Any CPU
		{0C5D47BF-F625-4270-A34F-9DD3330E0AE2}.Debug|Any CPU.ActiveCfg = Debug|Any CPU
		{0C5D47BF-F625-4270-A34F-9DD3330E0AE2}.Debug|Any CPU.Build.0 = Debug|Any CPU
		{0C5D47BF-F625-4270-A34F-9DD3330E0AE2}.Release|Any CPU.ActiveCfg = Release|Any CPU
		{0C5D47BF-F625-4270-A34F-9DD3330E0AE2}.Release|Any CPU.Build.0 = Release|Any CPU
		{FA65292C-47E2-46AC-931C-24E76B9662C2}.Debug|Any CPU.ActiveCfg = Debug|Any CPU
		{FA65292C-47E2-46AC-931C-24E76B9662C2}.Debug|Any CPU.Build.0 = Debug|Any CPU
		{FA65292C-47E2-46AC-931C-24E76B9662C2}.Release|Any CPU.ActiveCfg = Release|Any CPU
		{FA65292C-47E2-46AC-931C-24E76B9662C2}.Release|Any CPU.Build.0 = Release|Any CPU
		{3B6794D1-EAE3-41FD-878E-DE7A5BBD82D4}.Debug|Any CPU.ActiveCfg = Debug|Any CPU
		{3B6794D1-EAE3-41FD-878E-DE7A5BBD82D4}.Debug|Any CPU.Build.0 = Debug|Any CPU
		{3B6794D1-EAE3-41FD-878E-DE7A5BBD82D4}.Release|Any CPU.ActiveCfg = Release|Any CPU
		{3B6794D1-EAE3-41FD-878E-DE7A5BBD82D4}.Release|Any CPU.Build.0 = Release|Any CPU
		{6744CC0E-E79B-44A1-969E-4C7D1EAE1F85}.Debug|Any CPU.ActiveCfg = Debug|Any CPU
		{6744CC0E-E79B-44A1-969E-4C7D1EAE1F85}.Debug|Any CPU.Build.0 = Debug|Any CPU
		{6744CC0E-E79B-44A1-969E-4C7D1EAE1F85}.Release|Any CPU.ActiveCfg = Release|Any CPU
		{6744CC0E-E79B-44A1-969E-4C7D1EAE1F85}.Release|Any CPU.Build.0 = Release|Any CPU
		{E37BA68A-6CDD-4DB4-8E1A-C9660C3F6CD2}.Debug|Any CPU.ActiveCfg = Debug|Any CPU
		{E37BA68A-6CDD-4DB4-8E1A-C9660C3F6CD2}.Debug|Any CPU.Build.0 = Debug|Any CPU
		{E37BA68A-6CDD-4DB4-8E1A-C9660C3F6CD2}.Release|Any CPU.ActiveCfg = Release|Any CPU
		{E37BA68A-6CDD-4DB4-8E1A-C9660C3F6CD2}.Release|Any CPU.Build.0 = Release|Any CPU
		{74F8BDBD-AD8E-44A8-9DF8-CC5B44D83B12}.Debug|Any CPU.ActiveCfg = Debug|Any CPU
		{74F8BDBD-AD8E-44A8-9DF8-CC5B44D83B12}.Debug|Any CPU.Build.0 = Debug|Any CPU
		{74F8BDBD-AD8E-44A8-9DF8-CC5B44D83B12}.Release|Any CPU.ActiveCfg = Release|Any CPU
		{74F8BDBD-AD8E-44A8-9DF8-CC5B44D83B12}.Release|Any CPU.Build.0 = Release|Any CPU
		{68D60B48-1421-42CC-B0F2-A44F5671E04F}.Debug|Any CPU.ActiveCfg = Debug|Any CPU
		{68D60B48-1421-42CC-B0F2-A44F5671E04F}.Debug|Any CPU.Build.0 = Debug|Any CPU
		{68D60B48-1421-42CC-B0F2-A44F5671E04F}.Release|Any CPU.ActiveCfg = Release|Any CPU
		{68D60B48-1421-42CC-B0F2-A44F5671E04F}.Release|Any CPU.Build.0 = Release|Any CPU
		{25867E94-D6DC-4F05-8E66-FDAA4EE64E41}.Debug|Any CPU.ActiveCfg = Debug|Any CPU
		{25867E94-D6DC-4F05-8E66-FDAA4EE64E41}.Debug|Any CPU.Build.0 = Debug|Any CPU
		{25867E94-D6DC-4F05-8E66-FDAA4EE64E41}.Release|Any CPU.ActiveCfg = Release|Any CPU
		{25867E94-D6DC-4F05-8E66-FDAA4EE64E41}.Release|Any CPU.Build.0 = Release|Any CPU
		{BC189C93-C2B1-44F8-9996-43A143AD2EE2}.Debug|Any CPU.ActiveCfg = Debug|Any CPU
		{BC189C93-C2B1-44F8-9996-43A143AD2EE2}.Debug|Any CPU.Build.0 = Debug|Any CPU
		{BC189C93-C2B1-44F8-9996-43A143AD2EE2}.Release|Any CPU.ActiveCfg = Release|Any CPU
		{BC189C93-C2B1-44F8-9996-43A143AD2EE2}.Release|Any CPU.Build.0 = Release|Any CPU
		{E283B84B-F7D9-489C-8029-BBA7EF731F9F}.Debug|Any CPU.ActiveCfg = Debug|Any CPU
		{E283B84B-F7D9-489C-8029-BBA7EF731F9F}.Debug|Any CPU.Build.0 = Debug|Any CPU
		{E283B84B-F7D9-489C-8029-BBA7EF731F9F}.Release|Any CPU.ActiveCfg = Release|Any CPU
		{E283B84B-F7D9-489C-8029-BBA7EF731F9F}.Release|Any CPU.Build.0 = Release|Any CPU
		{A046F503-F326-42AF-9F31-11A5833C4739}.Debug|Any CPU.ActiveCfg = Debug|Any CPU
		{A046F503-F326-42AF-9F31-11A5833C4739}.Debug|Any CPU.Build.0 = Debug|Any CPU
		{A046F503-F326-42AF-9F31-11A5833C4739}.Release|Any CPU.ActiveCfg = Release|Any CPU
		{A046F503-F326-42AF-9F31-11A5833C4739}.Release|Any CPU.Build.0 = Release|Any CPU
		{0EB8EE6F-F02B-4605-AF50-3367ADBA2C82}.Debug|Any CPU.ActiveCfg = Debug|Any CPU
		{0EB8EE6F-F02B-4605-AF50-3367ADBA2C82}.Debug|Any CPU.Build.0 = Debug|Any CPU
		{0EB8EE6F-F02B-4605-AF50-3367ADBA2C82}.Release|Any CPU.ActiveCfg = Release|Any CPU
		{0EB8EE6F-F02B-4605-AF50-3367ADBA2C82}.Release|Any CPU.Build.0 = Release|Any CPU
		{BAF19CC3-B2BD-45D9-BBEB-B84CEA81F463}.Debug|Any CPU.ActiveCfg = Debug|Any CPU
		{BAF19CC3-B2BD-45D9-BBEB-B84CEA81F463}.Debug|Any CPU.Build.0 = Debug|Any CPU
		{BAF19CC3-B2BD-45D9-BBEB-B84CEA81F463}.Release|Any CPU.ActiveCfg = Release|Any CPU
		{BAF19CC3-B2BD-45D9-BBEB-B84CEA81F463}.Release|Any CPU.Build.0 = Release|Any CPU
		{09DF8221-08BC-4414-AFDC-63A4F865C9EB}.Debug|Any CPU.ActiveCfg = Debug|Any CPU
		{09DF8221-08BC-4414-AFDC-63A4F865C9EB}.Debug|Any CPU.Build.0 = Debug|Any CPU
		{09DF8221-08BC-4414-AFDC-63A4F865C9EB}.Release|Any CPU.ActiveCfg = Release|Any CPU
		{09DF8221-08BC-4414-AFDC-63A4F865C9EB}.Release|Any CPU.Build.0 = Release|Any CPU
		{7516F3C8-E493-4628-BD6F-0E3675F22FB7}.Debug|Any CPU.ActiveCfg = Debug|Any CPU
		{7516F3C8-E493-4628-BD6F-0E3675F22FB7}.Debug|Any CPU.Build.0 = Debug|Any CPU
		{7516F3C8-E493-4628-BD6F-0E3675F22FB7}.Release|Any CPU.ActiveCfg = Release|Any CPU
		{7516F3C8-E493-4628-BD6F-0E3675F22FB7}.Release|Any CPU.Build.0 = Release|Any CPU
		{D7295028-F3B5-42A0-A90F-B824494D5194}.Debug|Any CPU.ActiveCfg = Debug|Any CPU
		{D7295028-F3B5-42A0-A90F-B824494D5194}.Debug|Any CPU.Build.0 = Debug|Any CPU
		{D7295028-F3B5-42A0-A90F-B824494D5194}.Release|Any CPU.ActiveCfg = Release|Any CPU
		{D7295028-F3B5-42A0-A90F-B824494D5194}.Release|Any CPU.Build.0 = Release|Any CPU
		{D96FF152-881A-41E4-9B69-286FA04166D6}.Debug|Any CPU.ActiveCfg = Debug|Any CPU
		{D96FF152-881A-41E4-9B69-286FA04166D6}.Debug|Any CPU.Build.0 = Debug|Any CPU
		{D96FF152-881A-41E4-9B69-286FA04166D6}.Release|Any CPU.ActiveCfg = Release|Any CPU
		{D96FF152-881A-41E4-9B69-286FA04166D6}.Release|Any CPU.Build.0 = Release|Any CPU
		{DE5FBF39-C94E-4610-82E2-7CD756DE9599}.Debug|Any CPU.ActiveCfg = Debug|Any CPU
		{DE5FBF39-C94E-4610-82E2-7CD756DE9599}.Debug|Any CPU.Build.0 = Debug|Any CPU
		{DE5FBF39-C94E-4610-82E2-7CD756DE9599}.Release|Any CPU.ActiveCfg = Release|Any CPU
		{DE5FBF39-C94E-4610-82E2-7CD756DE9599}.Release|Any CPU.Build.0 = Release|Any CPU
		{1F58636F-B551-4947-B7D8-1EA47727A32A}.Debug|Any CPU.ActiveCfg = Debug|Any CPU
		{1F58636F-B551-4947-B7D8-1EA47727A32A}.Debug|Any CPU.Build.0 = Debug|Any CPU
		{1F58636F-B551-4947-B7D8-1EA47727A32A}.Release|Any CPU.ActiveCfg = Release|Any CPU
		{1F58636F-B551-4947-B7D8-1EA47727A32A}.Release|Any CPU.Build.0 = Release|Any CPU
	EndGlobalSection
	GlobalSection(SolutionProperties) = preSolution
		HideSolutionNode = FALSE
	EndGlobalSection
	GlobalSection(NestedProjects) = preSolution
		{6A109C37-22C1-4CA0-9A53-FDFF50A61187} = {639105FB-52AD-400D-871C-25D6DE83F9BD}
		{7414F725-009C-4F65-8EBA-54ADE9A3498E} = {639105FB-52AD-400D-871C-25D6DE83F9BD}
		{A423CC8C-EA64-4D6F-B55B-9DC76CE6174E} = {639105FB-52AD-400D-871C-25D6DE83F9BD}
		{91F463B6-5377-4FE0-A6EE-076DC8222C52} = {639105FB-52AD-400D-871C-25D6DE83F9BD}
		{B006F005-6B5B-4136-B733-199633D103C1} = {61BB454E-9E57-402E-A12F-FDA4F3E04411}
		{ACCBBB24-F44C-4A4F-8687-7013A120FC2E} = {61BB454E-9E57-402E-A12F-FDA4F3E04411}
		{E5F83D44-5727-446D-9539-274C664B7437} = {61BB454E-9E57-402E-A12F-FDA4F3E04411}
		{E8BB1EC3-DEAA-48DB-8B5E-9B051EFC915F} = {61BB454E-9E57-402E-A12F-FDA4F3E04411}
		{8A25D2AF-F233-46E2-86C0-4432A237ABB7} = {D43CD7B6-1D32-4D22-ADD7-5AB64DB8E896}
		{D464FDEA-3671-4600-B45D-03D611BD1A41} = {D43CD7B6-1D32-4D22-ADD7-5AB64DB8E896}
		{0C5D47BF-F625-4270-A34F-9DD3330E0AE2} = {A02F8D04-28EA-48E8-9BB7-BF968E12751D}
		{FA65292C-47E2-46AC-931C-24E76B9662C2} = {A02F8D04-28EA-48E8-9BB7-BF968E12751D}
		{3B6794D1-EAE3-41FD-878E-DE7A5BBD82D4} = {D7A3CD19-66FD-4CCB-B0FD-FB76DC10B3E9}
		{6744CC0E-E79B-44A1-969E-4C7D1EAE1F85} = {D7A3CD19-66FD-4CCB-B0FD-FB76DC10B3E9}
		{E37BA68A-6CDD-4DB4-8E1A-C9660C3F6CD2} = {D7A3CD19-66FD-4CCB-B0FD-FB76DC10B3E9}
		{74F8BDBD-AD8E-44A8-9DF8-CC5B44D83B12} = {D7A3CD19-66FD-4CCB-B0FD-FB76DC10B3E9}
		{68D60B48-1421-42CC-B0F2-A44F5671E04F} = {D7A3CD19-66FD-4CCB-B0FD-FB76DC10B3E9}
		{25867E94-D6DC-4F05-8E66-FDAA4EE64E41} = {D7A3CD19-66FD-4CCB-B0FD-FB76DC10B3E9}
		{BC189C93-C2B1-44F8-9996-43A143AD2EE2} = {C0540901-49F9-4609-B716-AE0CE0F1317F}
		{E283B84B-F7D9-489C-8029-BBA7EF731F9F} = {4B2EE752-E660-4905-8871-64619975C9F0}
		{A046F503-F326-42AF-9F31-11A5833C4739} = {4B2EE752-E660-4905-8871-64619975C9F0}
		{0EB8EE6F-F02B-4605-AF50-3367ADBA2C82} = {7E829D39-68B1-4299-9858-E031C0815218}
		{BAF19CC3-B2BD-45D9-BBEB-B84CEA81F463} = {7E829D39-68B1-4299-9858-E031C0815218}
		{09DF8221-08BC-4414-AFDC-63A4F865C9EB} = {008C1BA7-0BE7-47C1-91B0-364BB2D19A43}
		{7516F3C8-E493-4628-BD6F-0E3675F22FB7} = {008C1BA7-0BE7-47C1-91B0-364BB2D19A43}
		{D7295028-F3B5-42A0-A90F-B824494D5194} = {008C1BA7-0BE7-47C1-91B0-364BB2D19A43}
		{D96FF152-881A-41E4-9B69-286FA04166D6} = {008C1BA7-0BE7-47C1-91B0-364BB2D19A43}
		{DE5FBF39-C94E-4610-82E2-7CD756DE9599} = {11085E99-D5E4-42A6-91DC-7456B7857A11}
		{1F58636F-B551-4947-B7D8-1EA47727A32A} = {11085E99-D5E4-42A6-91DC-7456B7857A11}
	EndGlobalSection
	GlobalSection(ExtensibilityGlobals) = postSolution
		SolutionGuid = {8EE90E9C-02DF-45AE-9790-EF4743EACC52}
	EndGlobalSection
EndGlobal
